# This is a Gradle generated file for dependency locking.
# Manual edits can break the build and are not advised.
# This file is expected to be part of source control.
junit:junit:4.13.2=commonTestImplementationCopy,jvmTestCompileClasspath,jvmTestRuntimeClasspath
net.java.dev.jna:jna:5.6.0=kotlinCompilerClasspath,kotlinKlibCommonizerClasspath
org.hamcrest:hamcrest-core:1.3=commonTestImplementationCopy,jvmTestCompileClasspath,jvmTestRuntimeClasspath
org.jetbrains.intellij.deps:trove4j:1.0.20200330=kotlinCompilerClasspath,kotlinKlibCommonizerClasspath
org.jetbrains.kotlin:kotlin-compiler-embeddable:1.6.20=kotlinCompilerClasspathCopy
org.jetbrains.kotlin:kotlin-compiler-embeddable:1.7.0=kotlinCompilerClasspath,kotlinKlibCommonizerClasspath
org.jetbrains.kotlin:kotlin-daemon-embeddable:1.7.0=kotlinCompilerClasspath,kotlinKlibCommonizerClasspath
org.jetbrains.kotlin:kotlin-klib-commonizer-embeddable:1.6.20=kotlinKlibCommonizerClasspathCopy
org.jetbrains.kotlin:kotlin-klib-commonizer-embeddable:1.7.0=kotlinKlibCommonizerClasspath
org.jetbrains.kotlin:kotlin-reflect:1.7.0=kotlinCompilerClasspath,kotlinKlibCommonizerClasspath
org.jetbrains.kotlin:kotlin-script-runtime:1.7.0=kotlinCompilerClasspath,kotlinCompilerPluginClasspathJvmMain,kotlinCompilerPluginClasspathJvmTest,kotlinCompilerPluginClasspathMetadataCommonMain,kotlinCompilerPluginClasspathMetadataMain,kotlinKlibCommonizerClasspath
org.jetbrains.kotlin:kotlin-scripting-common:1.7.0=kotlinCompilerPluginClasspathJvmMain,kotlinCompilerPluginClasspathJvmTest,kotlinCompilerPluginClasspathMetadataCommonMain,kotlinCompilerPluginClasspathMetadataMain
org.jetbrains.kotlin:kotlin-scripting-compiler-embeddable:1.6.20=kotlinCompilerPluginClasspathJvmMainCopy,kotlinCompilerPluginClasspathJvmTestCopy,kotlinCompilerPluginClasspathMetadataCommonMainCopy,kotlinCompilerPluginClasspathMetadataMainCopy
org.jetbrains.kotlin:kotlin-scripting-compiler-embeddable:1.6.21=kotlinCompilerPluginClasspathJvmMainCopy2,kotlinCompilerPluginClasspathJvmTestCopy2,kotlinCompilerPluginClasspathMetadataCommonMainCopy2,kotlinCompilerPluginClasspathMetadataMainCopy2
org.jetbrains.kotlin:kotlin-scripting-compiler-embeddable:1.7.0=kotlinCompilerPluginClasspathJvmMain,kotlinCompilerPluginClasspathJvmTest,kotlinCompilerPluginClasspathMetadataCommonMain,kotlinCompilerPluginClasspathMetadataMain
org.jetbrains.kotlin:kotlin-scripting-compiler-impl-embeddable:1.7.0=kotlinCompilerPluginClasspathJvmMain,kotlinCompilerPluginClasspathJvmTest,kotlinCompilerPluginClasspathMetadataCommonMain,kotlinCompilerPluginClasspathMetadataMain
org.jetbrains.kotlin:kotlin-scripting-jvm:1.7.0=kotlinCompilerPluginClasspathJvmMain,kotlinCompilerPluginClasspathJvmTest,kotlinCompilerPluginClasspathMetadataCommonMain,kotlinCompilerPluginClasspathMetadataMain
org.jetbrains.kotlin:kotlin-stdlib-common:1.6.20=commonTestImplementationCopy
org.jetbrains.kotlin:kotlin-stdlib-common:1.7.0=allSourceSetsCompileDependenciesMetadata,allSourceSetsRuntimeDependenciesMetadata,commonMainApiDependenciesMetadata,commonMainImplementationDependenciesMetadata,commonTestApiDependenciesMetadata,commonTestImplementationDependenciesMetadata,kotlinCompilerClasspath,kotlinCompilerPluginClasspathJvmMain,kotlinCompilerPluginClasspathJvmTest,kotlinCompilerPluginClasspathMetadataCommonMain,kotlinCompilerPluginClasspathMetadataMain,kotlinKlibCommonizerClasspath,metadataCommonMainCompileClasspath,metadataCompileClasspath
org.jetbrains.kotlin:kotlin-stdlib-jdk7:1.6.0=commonTestImplementationCopy
org.jetbrains.kotlin:kotlin-stdlib-jdk7:1.7.0=allSourceSetsCompileDependenciesMetadata,allSourceSetsRuntimeDependenciesMetadata,commonMainApiDependenciesMetadata,commonMainImplementationDependenciesMetadata,commonTestApiDependenciesMetadata,commonTestImplementationDependenciesMetadata,jvmCompileClasspath,jvmMainApiDependenciesMetadata,jvmMainImplementationDependenciesMetadata,jvmRuntimeClasspath,jvmTestApiDependenciesMetadata,jvmTestCompileClasspath,jvmTestImplementationDependenciesMetadata,jvmTestRuntimeClasspath,metadataCommonMainCompileClasspath,metadataCompileClasspath
org.jetbrains.kotlin:kotlin-stdlib-jdk8:1.6.0=commonTestImplementationCopy
org.jetbrains.kotlin:kotlin-stdlib-jdk8:1.6.20=allSourceSetsCompileDependenciesMetadataCopy,allSourceSetsRuntimeDependenciesMetadataCopy,commonMainApiCopy,commonTestApiCopy,compileClasspathCopy,jvmApiCopy,jvmApiElementsCopy,jvmCompileClasspathCopy,jvmImplementationCopy,jvmRuntimeClasspathCopy,jvmRuntimeElementsCopy,jvmTestCompileClasspathCopy,jvmTestRuntimeClasspathCopy,metadataApiCopy,metadataApiElementsCopy,metadataCommonMainApiCopy,metadataCommonMainCompileClasspathCopy,metadataCommonMainImplementationCopy,metadataCompileClasspathCopy,metadataImplementationCopy
org.jetbrains.kotlin:kotlin-stdlib-jdk8:1.6.21=commonMainApiCopy2,jvmTestCompileClasspathCopy2,jvmTestRuntimeClasspathCopy2
org.jetbrains.kotlin:kotlin-stdlib-jdk8:1.7.0=allSourceSetsCompileDependenciesMetadata,allSourceSetsRuntimeDependenciesMetadata,commonMainApiDependenciesMetadata,commonMainImplementationDependenciesMetadata,commonTestApiDependenciesMetadata,commonTestImplementationDependenciesMetadata,jvmCompileClasspath,jvmMainApiDependenciesMetadata,jvmMainImplementationDependenciesMetadata,jvmRuntimeClasspath,jvmTestApiDependenciesMetadata,jvmTestCompileClasspath,jvmTestImplementationDependenciesMetadata,jvmTestRuntimeClasspath,metadataCommonMainCompileClasspath,metadataCompileClasspath
org.jetbrains.kotlin:kotlin-stdlib:1.6.20=commonTestImplementationCopy
org.jetbrains.kotlin:kotlin-stdlib:1.7.0=allSourceSetsCompileDependenciesMetadata,allSourceSetsRuntimeDependenciesMetadata,commonMainApiDependenciesMetadata,commonMainImplementationDependenciesMetadata,commonTestApiDependenciesMetadata,commonTestImplementationDependenciesMetadata,jvmCompileClasspath,jvmMainApiDependenciesMetadata,jvmMainImplementationDependenciesMetadata,jvmRuntimeClasspath,jvmTestApiDependenciesMetadata,jvmTestCompileClasspath,jvmTestImplementationDependenciesMetadata,jvmTestRuntimeClasspath,kotlinCompilerClasspath,kotlinCompilerPluginClasspathJvmMain,kotlinCompilerPluginClasspathJvmTest,kotlinCompilerPluginClasspathMetadataCommonMain,kotlinCompilerPluginClasspathMetadataMain,kotlinKlibCommonizerClasspath,metadataCommonMainCompileClasspath,metadataCompileClasspath
org.jetbrains.kotlin:kotlin-test-annotations-common:1.7.0=commonTestImplementationDependenciesMetadata
org.jetbrains.kotlin:kotlin-test-common:1.7.0=commonTestImplementationDependenciesMetadata
org.jetbrains.kotlin:kotlin-test-junit:1.6.20=commonTestImplementationCopy
org.jetbrains.kotlin:kotlin-test-junit:1.7.0=jvmTestCompileClasspath,jvmTestRuntimeClasspath
org.jetbrains.kotlin:kotlin-test:1.6.20=commonTestImplementationCopy,jvmTestCompileClasspathCopy,jvmTestRuntimeClasspathCopy
org.jetbrains.kotlin:kotlin-test:1.6.21=commonTestImplementationCopy2
org.jetbrains.kotlin:kotlin-test:1.7.0=commonTestImplementationDependenciesMetadata,jvmTestCompileClasspath,jvmTestImplementationDependenciesMetadata,jvmTestRuntimeClasspath
org.jetbrains.kotlinx:atomicfu:0.17.2=allSourceSetsCompileDependenciesMetadata,allSourceSetsRuntimeDependenciesMetadata,metadataCommonMainCompileClasspath,metadataCompileClasspath
org.jetbrains.kotlinx:kotlinx-coroutines-bom:1.6.1=commonTestImplementationCopy
org.jetbrains.kotlinx:kotlinx-coroutines-bom:1.6.2=jvmCompileClasspath,jvmRuntimeClasspath,jvmTestCompileClasspath,jvmTestRuntimeClasspath
org.jetbrains.kotlinx:kotlinx-coroutines-core-jvm:1.6.1=commonMainApiCopy,commonTestImplementationCopy,jvmTestCompileClasspathCopy,jvmTestRuntimeClasspathCopy
org.jetbrains.kotlinx:kotlinx-coroutines-core-jvm:1.6.2=commonMainApiCopy2,jvmCompileClasspath,jvmRuntimeClasspath,jvmTestCompileClasspath,jvmTestCompileClasspathCopy2,jvmTestRuntimeClasspath,jvmTestRuntimeClasspathCopy2
org.jetbrains.kotlinx:kotlinx-coroutines-core:1.6.1=commonMainApiCopy,commonTestImplementationCopy,jvmTestCompileClasspathCopy,jvmTestRuntimeClasspathCopy
org.jetbrains.kotlinx:kotlinx-coroutines-core:1.6.2=allSourceSetsCompileDependenciesMetadata,allSourceSetsRuntimeDependenciesMetadata,commonMainApiCopy2,commonMainApiDependenciesMetadata,commonMainImplementationDependenciesMetadata,commonTestApiDependenciesMetadata,commonTestImplementationDependenciesMetadata,jvmCompileClasspath,jvmMainApiDependenciesMetadata,jvmMainImplementationDependenciesMetadata,jvmRuntimeClasspath,jvmTestApiDependenciesMetadata,jvmTestCompileClasspath,jvmTestCompileClasspathCopy2,jvmTestImplementationDependenciesMetadata,jvmTestRuntimeClasspath,jvmTestRuntimeClasspathCopy2,metadataCommonMainCompileClasspath,metadataCompileClasspath
org.jetbrains.kotlinx:kotlinx-coroutines-test-jvm:1.6.1=commonTestImplementationCopy,jvmTestCompileClasspathCopy,jvmTestRuntimeClasspathCopy
org.jetbrains.kotlinx:kotlinx-coroutines-test-jvm:1.6.2=commonTestImplementationCopy2,jvmTestCompileClasspath,jvmTestRuntimeClasspath
org.jetbrains.kotlinx:kotlinx-coroutines-test:1.6.1=commonTestImplementationCopy,jvmTestCompileClasspathCopy,jvmTestRuntimeClasspathCopy
org.jetbrains.kotlinx:kotlinx-coroutines-test:1.6.2=commonTestImplementationCopy2,commonTestImplementationDependenciesMetadata,jvmTestCompileClasspath,jvmTestImplementationDependenciesMetadata,jvmTestRuntimeClasspath
org.jetbrains.kotlinx:kotlinx-datetime-jvm:0.3.2=commonMainApiCopy,jvmTestCompileClasspathCopy,jvmTestRuntimeClasspathCopy
org.jetbrains.kotlinx:kotlinx-datetime-jvm:0.3.3=commonMainApiCopy2,jvmTestCompileClasspathCopy2,jvmTestRuntimeClasspathCopy2
org.jetbrains.kotlinx:kotlinx-datetime-jvm:0.4.0=jvmCompileClasspath,jvmRuntimeClasspath,jvmTestCompileClasspath,jvmTestRuntimeClasspath
org.jetbrains.kotlinx:kotlinx-datetime:0.3.2=commonMainApiCopy,jvmTestCompileClasspathCopy,jvmTestRuntimeClasspathCopy
org.jetbrains.kotlinx:kotlinx-datetime:0.3.3=commonMainApiCopy2,jvmTestCompileClasspathCopy2,jvmTestRuntimeClasspathCopy2
org.jetbrains.kotlinx:kotlinx-datetime:0.4.0=allSourceSetsCompileDependenciesMetadata,allSourceSetsRuntimeDependenciesMetadata,commonMainApiDependenciesMetadata,commonTestApiDependenciesMetadata,jvmCompileClasspath,jvmMainApiDependenciesMetadata,jvmRuntimeClasspath,jvmTestApiDependenciesMetadata,jvmTestCompileClasspath,jvmTestImplementationDependenciesMetadata,jvmTestRuntimeClasspath,metadataCommonMainCompileClasspath,metadataCompileClasspath
org.jetbrains.kotlinx:kotlinx-serialization-core:1.3.2=allSourceSetsCompileDependenciesMetadata,allSourceSetsRuntimeDependenciesMetadata,metadataCommonMainCompileClasspath,metadataCompileClasspath
org.jetbrains:annotations:13.0=allSourceSetsCompileDependenciesMetadata,allSourceSetsRuntimeDependenciesMetadata,commonMainApiDependenciesMetadata,commonMainImplementationDependenciesMetadata,commonTestApiDependenciesMetadata,commonTestImplementationCopy,commonTestImplementationDependenciesMetadata,jvmCompileClasspath,jvmMainApiDependenciesMetadata,jvmMainImplementationDependenciesMetadata,jvmRuntimeClasspath,jvmTestApiDependenciesMetadata,jvmTestCompileClasspath,jvmTestImplementationDependenciesMetadata,jvmTestRuntimeClasspath,kotlinCompilerClasspath,kotlinCompilerPluginClasspathJvmMain,kotlinCompilerPluginClasspathJvmTest,kotlinCompilerPluginClasspathMetadataCommonMain,kotlinCompilerPluginClasspathMetadataMain,kotlinKlibCommonizerClasspath,metadataCommonMainCompileClasspath,metadataCompileClasspath
empty=archives,archivesCopy,commonMainCompileOnlyCopy,commonMainCompileOnlyDependenciesMetadata,commonMainImplementationCopy,commonMainIntransitiveDependenciesMetadata,commonMainIntransitiveDependenciesMetadataCopy,commonMainRuntimeOnlyCopy,commonMainRuntimeOnlyDependenciesMetadata,commonTestCompileOnlyCopy,commonTestCompileOnlyDependenciesMetadata,commonTestIntransitiveDependenciesMetadata,commonTestIntransitiveDependenciesMetadataCopy,commonTestRuntimeOnlyCopy,commonTestRuntimeOnlyDependenciesMetadata,default,defaultCopy,jvmCompileOnlyCopy,jvmMainApiCopy,jvmMainCompileOnlyCopy,jvmMainCompileOnlyDependenciesMetadata,jvmMainImplementationCopy,jvmMainIntransitiveDependenciesMetadata,jvmMainIntransitiveDependenciesMetadataCopy,jvmMainRuntimeOnlyCopy,jvmMainRuntimeOnlyDependenciesMetadata,jvmRuntimeOnlyCopy,jvmSourceArtifactsCopy,jvmTestApiCopy,jvmTestCompileOnlyCopy,jvmTestCompileOnlyDependenciesMetadata,jvmTestIntransitiveDependenciesMetadata,jvmTestIntransitiveDependenciesMetadataCopy,jvmTestRuntimeOnlyCopy,jvmTestRuntimeOnlyDependenciesMetadata,kotlinCompilerPluginClasspath,kotlinCompilerPluginClasspathCopy,kotlinNativeCompilerPluginClasspath,kotlinNativeCompilerPluginClasspathCopy,kotlinScriptDef,kotlinScriptDefCopy,kotlinScriptDefExtensions,kotlinScriptDefExtensionsCopy,metadataCommonMainCompileOnlyCopy,metadataCompileOnlyCopy,testKotlinScriptDef,testKotlinScriptDefCopy,testKotlinScriptDefExtensions,testKotlinScriptDefExtensionsCopy
