# This is a Gradle generated file for dependency locking.
# Manual edits can break the build and are not advised.
# This file is expected to be part of source control.
junit:junit:4.13.2=jvmTestCompileClasspath,jvmTestRuntimeClasspath
net.java.dev.jna:jna:5.6.0=kotlinCompilerClasspath,kotlinKlibCommonizerClasspath
org.hamcrest:hamcrest-core:1.3=jvmTestCompileClasspath,jvmTestRuntimeClasspath
org.jetbrains.intellij.deps:trove4j:1.0.20200330=kotlinCompilerClasspath,kotlinKlibCommonizerClasspath
org.jetbrains.kotlin:kotlin-compiler-embeddable:1.6.20=kotlinCompilerClasspath,kotlinKlibCommonizerClasspath
org.jetbrains.kotlin:kotlin-daemon-embeddable:1.6.20=kotlinCompilerClasspath,kotlinKlibCommonizerClasspath
org.jetbrains.kotlin:kotlin-klib-commonizer-embeddable:1.6.20=kotlinKlibCommonizerClasspath
org.jetbrains.kotlin:kotlin-reflect:1.6.20=kotlinCompilerClasspath,kotlinKlibCommonizerClasspath
org.jetbrains.kotlin:kotlin-script-runtime:1.6.20=kotlinCompilerClasspath,kotlinCompilerPluginClasspathJvmMain,kotlinCompilerPluginClasspathJvmTest,kotlinCompilerPluginClasspathMetadataCommonMain,kotlinCompilerPluginClasspathMetadataMain,kotlinKlibCommonizerClasspath
org.jetbrains.kotlin:kotlin-scripting-common:1.6.20=kotlinCompilerPluginClasspathJvmMain,kotlinCompilerPluginClasspathJvmTest,kotlinCompilerPluginClasspathMetadataCommonMain,kotlinCompilerPluginClasspathMetadataMain
org.jetbrains.kotlin:kotlin-scripting-compiler-embeddable:1.6.20=kotlinCompilerPluginClasspathJvmMain,kotlinCompilerPluginClasspathJvmTest,kotlinCompilerPluginClasspathMetadataCommonMain,kotlinCompilerPluginClasspathMetadataMain
org.jetbrains.kotlin:kotlin-scripting-compiler-impl-embeddable:1.6.20=kotlinCompilerPluginClasspathJvmMain,kotlinCompilerPluginClasspathJvmTest,kotlinCompilerPluginClasspathMetadataCommonMain,kotlinCompilerPluginClasspathMetadataMain
org.jetbrains.kotlin:kotlin-scripting-jvm:1.6.20=kotlinCompilerPluginClasspathJvmMain,kotlinCompilerPluginClasspathJvmTest,kotlinCompilerPluginClasspathMetadataCommonMain,kotlinCompilerPluginClasspathMetadataMain
org.jetbrains.kotlin:kotlin-stdlib-common:1.6.20=allSourceSetsCompileDependenciesMetadata,allSourceSetsRuntimeDependenciesMetadata,commonMainApiDependenciesMetadata,commonTestApiDependenciesMetadata,commonTestImplementationDependenciesMetadata,kotlinCompilerClasspath,kotlinCompilerPluginClasspathJvmMain,kotlinCompilerPluginClasspathJvmTest,kotlinCompilerPluginClasspathMetadataCommonMain,kotlinCompilerPluginClasspathMetadataMain,kotlinKlibCommonizerClasspath,metadataCommonMainCompileClasspath,metadataCompileClasspath
org.jetbrains.kotlin:kotlin-stdlib-jdk7:1.6.20=allSourceSetsCompileDependenciesMetadata,allSourceSetsRuntimeDependenciesMetadata,commonMainApiDependenciesMetadata,commonTestApiDependenciesMetadata,jvmCompileClasspath,jvmMainApiDependenciesMetadata,jvmRuntimeClasspath,jvmTestApiDependenciesMetadata,jvmTestCompileClasspath,jvmTestImplementationDependenciesMetadata,jvmTestRuntimeClasspath,metadataCommonMainCompileClasspath,metadataCompileClasspath
org.jetbrains.kotlin:kotlin-stdlib-jdk8:1.6.20=allSourceSetsCompileDependenciesMetadata,allSourceSetsRuntimeDependenciesMetadata,commonMainApiDependenciesMetadata,commonTestApiDependenciesMetadata,jvmCompileClasspath,jvmMainApiDependenciesMetadata,jvmRuntimeClasspath,jvmTestApiDependenciesMetadata,jvmTestCompileClasspath,jvmTestImplementationDependenciesMetadata,jvmTestRuntimeClasspath,metadataCommonMainCompileClasspath,metadataCompileClasspath
org.jetbrains.kotlin:kotlin-stdlib:1.6.20=allSourceSetsCompileDependenciesMetadata,allSourceSetsRuntimeDependenciesMetadata,commonMainApiDependenciesMetadata,commonTestApiDependenciesMetadata,jvmCompileClasspath,jvmMainApiDependenciesMetadata,jvmRuntimeClasspath,jvmTestApiDependenciesMetadata,jvmTestCompileClasspath,jvmTestImplementationDependenciesMetadata,jvmTestRuntimeClasspath,kotlinCompilerClasspath,kotlinCompilerPluginClasspathJvmMain,kotlinCompilerPluginClasspathJvmTest,kotlinCompilerPluginClasspathMetadataCommonMain,kotlinCompilerPluginClasspathMetadataMain,kotlinKlibCommonizerClasspath,metadataCommonMainCompileClasspath,metadataCompileClasspath
org.jetbrains.kotlin:kotlin-test-annotations-common:1.6.20=commonTestImplementationDependenciesMetadata
org.jetbrains.kotlin:kotlin-test-common:1.6.20=commonTestImplementationDependenciesMetadata
org.jetbrains.kotlin:kotlin-test-junit:1.6.20=jvmTestCompileClasspath,jvmTestRuntimeClasspath
org.jetbrains.kotlin:kotlin-test:1.6.20=commonTestImplementationDependenciesMetadata,jvmTestCompileClasspath,jvmTestImplementationDependenciesMetadata,jvmTestRuntimeClasspath
org.jetbrains.kotlinx:atomicfu:0.17.0=allSourceSetsCompileDependenciesMetadata,allSourceSetsRuntimeDependenciesMetadata
org.jetbrains.kotlinx:kotlinx-coroutines-bom:1.6.1=jvmCompileClasspath,jvmRuntimeClasspath,jvmTestCompileClasspath,jvmTestRuntimeClasspath
org.jetbrains.kotlinx:kotlinx-coroutines-core-jvm:1.6.1=jvmCompileClasspath,jvmRuntimeClasspath,jvmTestCompileClasspath,jvmTestRuntimeClasspath
org.jetbrains.kotlinx:kotlinx-coroutines-core:1.6.1=allSourceSetsCompileDependenciesMetadata,allSourceSetsRuntimeDependenciesMetadata,commonMainApiDependenciesMetadata,commonTestApiDependenciesMetadata,commonTestImplementationDependenciesMetadata,jvmCompileClasspath,jvmMainApiDependenciesMetadata,jvmRuntimeClasspath,jvmTestApiDependenciesMetadata,jvmTestCompileClasspath,jvmTestImplementationDependenciesMetadata,jvmTestRuntimeClasspath,metadataCommonMainCompileClasspath,metadataCompileClasspath
org.jetbrains.kotlinx:kotlinx-coroutines-test-jvm:1.6.1=jvmTestCompileClasspath,jvmTestRuntimeClasspath
org.jetbrains.kotlinx:kotlinx-coroutines-test:1.6.1=commonTestImplementationDependenciesMetadata,jvmTestCompileClasspath,jvmTestImplementationDependenciesMetadata,jvmTestRuntimeClasspath
org.jetbrains:annotations:13.0=allSourceSetsCompileDependenciesMetadata,allSourceSetsRuntimeDependenciesMetadata,commonMainApiDependenciesMetadata,commonTestApiDependenciesMetadata,jvmCompileClasspath,jvmMainApiDependenciesMetadata,jvmRuntimeClasspath,jvmTestApiDependenciesMetadata,jvmTestCompileClasspath,jvmTestImplementationDependenciesMetadata,jvmTestRuntimeClasspath,kotlinCompilerClasspath,kotlinCompilerPluginClasspathJvmMain,kotlinCompilerPluginClasspathJvmTest,kotlinCompilerPluginClasspathMetadataCommonMain,kotlinCompilerPluginClasspathMetadataMain,kotlinKlibCommonizerClasspath,metadataCommonMainCompileClasspath,metadataCompileClasspath
empty=archives,commonMainCompileOnlyDependenciesMetadata,commonMainImplementationDependenciesMetadata,commonMainIntransitiveDependenciesMetadata,commonMainRuntimeOnlyDependenciesMetadata,commonTestCompileOnlyDependenciesMetadata,commonTestIntransitiveDependenciesMetadata,commonTestRuntimeOnlyDependenciesMetadata,default,jvmMainCompileOnlyDependenciesMetadata,jvmMainImplementationDependenciesMetadata,jvmMainIntransitiveDependenciesMetadata,jvmMainRuntimeOnlyDependenciesMetadata,jvmTestCompileOnlyDependenciesMetadata,jvmTestIntransitiveDependenciesMetadata,jvmTestRuntimeOnlyDependenciesMetadata,kotlinCompilerPluginClasspath,kotlinNativeCompilerPluginClasspath,kotlinScriptDef,kotlinScriptDefExtensions,testKotlinScriptDef,testKotlinScriptDefExtensions
