# This is a Gradle generated file for dependency locking.
# Manual edits can break the build and are not advised.
# This file is expected to be part of source control.
junit:junit:4.13.2=commonTestImplementationCopy,jvmTestCompileClasspath,jvmTestImplementationCopy,jvmTestRuntimeClasspath
net.java.dev.jna:jna:5.6.0=kotlinCompilerClasspath,kotlinKlibCommonizerClasspath
org.hamcrest:hamcrest-core:1.3=commonTestImplementationCopy,jvmTestCompileClasspath,jvmTestImplementationCopy,jvmTestRuntimeClasspath
org.jetbrains.intellij.deps:trove4j:1.0.20200330=kotlinCompilerClasspath,kotlinKlibCommonizerClasspath
org.jetbrains.kotlin:kotlin-compiler-embeddable:1.6.20=kotlinCompilerClasspath,kotlinCompilerClasspathCopy,kotlinKlibCommonizerClasspath
org.jetbrains.kotlin:kotlin-daemon-embeddable:1.6.20=kotlinCompilerClasspath,kotlinKlibCommonizerClasspath
org.jetbrains.kotlin:kotlin-klib-commonizer-embeddable:1.6.20=kotlinKlibCommonizerClasspath,kotlinKlibCommonizerClasspathCopy
org.jetbrains.kotlin:kotlin-reflect:1.6.20=kotlinCompilerClasspath,kotlinKlibCommonizerClasspath
org.jetbrains.kotlin:kotlin-script-runtime:1.6.20=kotlinCompilerClasspath,kotlinCompilerPluginClasspathJvmMain,kotlinCompilerPluginClasspathJvmTest,kotlinCompilerPluginClasspathMetadataCommonMain,kotlinCompilerPluginClasspathMetadataMain,kotlinKlibCommonizerClasspath
org.jetbrains.kotlin:kotlin-scripting-common:1.6.20=kotlinCompilerPluginClasspathJvmMain,kotlinCompilerPluginClasspathJvmTest,kotlinCompilerPluginClasspathMetadataCommonMain,kotlinCompilerPluginClasspathMetadataMain
org.jetbrains.kotlin:kotlin-scripting-compiler-embeddable:1.6.20=kotlinCompilerPluginClasspathJvmMain,kotlinCompilerPluginClasspathJvmMainCopy,kotlinCompilerPluginClasspathJvmTest,kotlinCompilerPluginClasspathJvmTestCopy,kotlinCompilerPluginClasspathMetadataCommonMain,kotlinCompilerPluginClasspathMetadataCommonMainCopy,kotlinCompilerPluginClasspathMetadataMain,kotlinCompilerPluginClasspathMetadataMainCopy
org.jetbrains.kotlin:kotlin-scripting-compiler-embeddable:1.6.21=kotlinCompilerPluginClasspathJvmMainCopy2,kotlinCompilerPluginClasspathJvmTestCopy2,kotlinCompilerPluginClasspathMetadataCommonMainCopy2,kotlinCompilerPluginClasspathMetadataMainCopy2
org.jetbrains.kotlin:kotlin-scripting-compiler-impl-embeddable:1.6.20=kotlinCompilerPluginClasspathJvmMain,kotlinCompilerPluginClasspathJvmTest,kotlinCompilerPluginClasspathMetadataCommonMain,kotlinCompilerPluginClasspathMetadataMain
org.jetbrains.kotlin:kotlin-scripting-jvm:1.6.20=kotlinCompilerPluginClasspathJvmMain,kotlinCompilerPluginClasspathJvmTest,kotlinCompilerPluginClasspathMetadataCommonMain,kotlinCompilerPluginClasspathMetadataMain
org.jetbrains.kotlin:kotlin-stdlib-common:1.6.20=allSourceSetsCompileDependenciesMetadata,allSourceSetsRuntimeDependenciesMetadata,commonMainApiDependenciesMetadata,commonTestApiDependenciesMetadata,commonTestImplementationCopy,commonTestImplementationDependenciesMetadata,jvmTestImplementationCopy,kotlinCompilerClasspath,kotlinCompilerPluginClasspathJvmMain,kotlinCompilerPluginClasspathJvmTest,kotlinCompilerPluginClasspathMetadataCommonMain,kotlinCompilerPluginClasspathMetadataMain,kotlinKlibCommonizerClasspath,metadataCommonMainCompileClasspath,metadataCompileClasspath
org.jetbrains.kotlin:kotlin-stdlib-jdk7:1.6.20=allSourceSetsCompileDependenciesMetadata,allSourceSetsRuntimeDependenciesMetadata,commonMainApiDependenciesMetadata,commonTestApiDependenciesMetadata,jvmCompileClasspath,jvmMainApiDependenciesMetadata,jvmRuntimeClasspath,jvmTestApiDependenciesMetadata,jvmTestCompileClasspath,jvmTestImplementationCopy,jvmTestImplementationDependenciesMetadata,jvmTestRuntimeClasspath,metadataCommonMainCompileClasspath,metadataCompileClasspath
org.jetbrains.kotlin:kotlin-stdlib-jdk8:1.6.20=allSourceSetsCompileDependenciesMetadata,allSourceSetsRuntimeDependenciesMetadata,commonMainApiCopy,commonMainApiDependenciesMetadata,commonMainCompileOnlyDependenciesMetadataCopy,commonMainImplementationDependenciesMetadataCopy,commonMainRuntimeOnlyDependenciesMetadataCopy,commonTestApiCopy,commonTestApiDependenciesMetadata,commonTestApiDependenciesMetadataCopy,commonTestCompileOnlyDependenciesMetadataCopy,commonTestImplementationDependenciesMetadataCopy,commonTestRuntimeOnlyDependenciesMetadataCopy,compileClasspathCopy,jvmApiCopy,jvmApiElementsCopy,jvmCompileClasspath,jvmCompileClasspathCopy,jvmImplementationCopy,jvmMainApiDependenciesMetadata,jvmMainApiDependenciesMetadataCopy,jvmMainCompileOnlyDependenciesMetadataCopy,jvmMainImplementationDependenciesMetadataCopy,jvmMainRuntimeOnlyDependenciesMetadataCopy,jvmRuntimeClasspath,jvmRuntimeClasspathCopy,jvmRuntimeElementsCopy,jvmTestApiCopy,jvmTestApiDependenciesMetadata,jvmTestApiDependenciesMetadataCopy,jvmTestCompileClasspath,jvmTestCompileClasspathCopy,jvmTestCompileOnlyDependenciesMetadataCopy,jvmTestImplementationCopy,jvmTestImplementationCopy2,jvmTestImplementationDependenciesMetadata,jvmTestImplementationDependenciesMetadataCopy,jvmTestRuntimeClasspath,jvmTestRuntimeClasspathCopy,jvmTestRuntimeOnlyDependenciesMetadataCopy,metadataApiCopy,metadataApiElementsCopy,metadataCommonMainApiCopy,metadataCommonMainCompileClasspath,metadataCommonMainCompileClasspathCopy,metadataCommonMainImplementationCopy,metadataCompileClasspath,metadataCompileClasspathCopy,metadataImplementationCopy
org.jetbrains.kotlin:kotlin-stdlib-jdk8:1.6.21=jvmTestCompileClasspathCopy2,jvmTestRuntimeClasspathCopy2
org.jetbrains.kotlin:kotlin-stdlib:1.6.20=allSourceSetsCompileDependenciesMetadata,allSourceSetsRuntimeDependenciesMetadata,commonMainApiDependenciesMetadata,commonTestApiDependenciesMetadata,commonTestImplementationCopy,jvmCompileClasspath,jvmMainApiDependenciesMetadata,jvmRuntimeClasspath,jvmTestApiDependenciesMetadata,jvmTestCompileClasspath,jvmTestImplementationCopy,jvmTestImplementationDependenciesMetadata,jvmTestRuntimeClasspath,kotlinCompilerClasspath,kotlinCompilerPluginClasspathJvmMain,kotlinCompilerPluginClasspathJvmTest,kotlinCompilerPluginClasspathMetadataCommonMain,kotlinCompilerPluginClasspathMetadataMain,kotlinKlibCommonizerClasspath,metadataCommonMainCompileClasspath,metadataCompileClasspath
org.jetbrains.kotlin:kotlin-test-annotations-common:1.6.20=commonTestImplementationDependenciesMetadata
org.jetbrains.kotlin:kotlin-test-common:1.6.20=commonTestImplementationDependenciesMetadata
org.jetbrains.kotlin:kotlin-test-junit:1.6.20=commonTestImplementationCopy,jvmTestCompileClasspath,jvmTestImplementationCopy,jvmTestRuntimeClasspath
org.jetbrains.kotlin:kotlin-test:1.6.20=commonTestImplementationCopy,commonTestImplementationDependenciesMetadata,jvmTestCompileClasspath,jvmTestCompileClasspathCopy,jvmTestCompileClasspathCopy2,jvmTestImplementationCopy,jvmTestImplementationDependenciesMetadata,jvmTestImplementationDependenciesMetadataCopy,jvmTestRuntimeClasspath,jvmTestRuntimeClasspathCopy,jvmTestRuntimeClasspathCopy2
org.jetbrains.kotlin:kotlin-test:1.6.21=commonTestImplementationCopy2,jvmTestImplementationCopy2
org.jetbrains:annotations:13.0=allSourceSetsCompileDependenciesMetadata,allSourceSetsRuntimeDependenciesMetadata,commonMainApiDependenciesMetadata,commonTestApiDependenciesMetadata,commonTestImplementationCopy,jvmCompileClasspath,jvmMainApiDependenciesMetadata,jvmRuntimeClasspath,jvmTestApiDependenciesMetadata,jvmTestCompileClasspath,jvmTestImplementationCopy,jvmTestImplementationDependenciesMetadata,jvmTestRuntimeClasspath,kotlinCompilerClasspath,kotlinCompilerPluginClasspathJvmMain,kotlinCompilerPluginClasspathJvmTest,kotlinCompilerPluginClasspathMetadataCommonMain,kotlinCompilerPluginClasspathMetadataMain,kotlinKlibCommonizerClasspath,metadataCommonMainCompileClasspath,metadataCompileClasspath
empty=allSourceSetsCompileDependenciesMetadataCopy,allSourceSetsRuntimeDependenciesMetadataCopy,archives,archivesCopy,commonMainApiDependenciesMetadataCopy,commonMainCompileOnlyCopy,commonMainCompileOnlyDependenciesMetadata,commonMainImplementationCopy,commonMainImplementationDependenciesMetadata,commonMainIntransitiveDependenciesMetadata,commonMainIntransitiveDependenciesMetadataCopy,commonMainRuntimeOnlyCopy,commonMainRuntimeOnlyDependenciesMetadata,commonTestCompileOnlyCopy,commonTestCompileOnlyDependenciesMetadata,commonTestIntransitiveDependenciesMetadata,commonTestIntransitiveDependenciesMetadataCopy,commonTestRuntimeOnlyCopy,commonTestRuntimeOnlyDependenciesMetadata,default,defaultCopy,jvmCompileOnlyCopy,jvmMainApiCopy,jvmMainCompileOnlyCopy,jvmMainCompileOnlyDependenciesMetadata,jvmMainImplementationCopy,jvmMainImplementationDependenciesMetadata,jvmMainIntransitiveDependenciesMetadata,jvmMainIntransitiveDependenciesMetadataCopy,jvmMainRuntimeOnlyCopy,jvmMainRuntimeOnlyDependenciesMetadata,jvmRuntimeOnlyCopy,jvmSourceArtifactsCopy,jvmTestCompileOnlyCopy,jvmTestCompileOnlyDependenciesMetadata,jvmTestIntransitiveDependenciesMetadata,jvmTestIntransitiveDependenciesMetadataCopy,jvmTestRuntimeOnlyCopy,jvmTestRuntimeOnlyDependenciesMetadata,kotlinCompilerPluginClasspath,kotlinCompilerPluginClasspathCopy,kotlinNativeCompilerPluginClasspath,kotlinNativeCompilerPluginClasspathCopy,kotlinScriptDef,kotlinScriptDefCopy,kotlinScriptDefExtensions,kotlinScriptDefExtensionsCopy,metadataCommonMainCompileOnlyCopy,metadataCompileOnlyCopy,testKotlinScriptDef,testKotlinScriptDefCopy,testKotlinScriptDefExtensions,testKotlinScriptDefExtensionsCopy
