# This is a Gradle generated file for dependency locking.
# Manual edits can break the build and are not advised.
# This file is expected to be part of source control.
junit:junit:4.13.2=jvmTestCompileClasspath,jvmTestRuntimeClasspath
net.java.dev.jna:jna:5.6.0=kotlinCompilerClasspath,kotlinKlibCommonizerClasspath
org.hamcrest:hamcrest-core:1.3=jvmTestCompileClasspath,jvmTestRuntimeClasspath
org.jetbrains.intellij.deps:trove4j:1.0.20200330=kotlinCompilerClasspath,kotlinKlibCommonizerClasspath
org.jetbrains.kotlin:kotlin-compiler-embeddable:1.6.20=kotlinCompilerClasspathCopy
org.jetbrains.kotlin:kotlin-compiler-embeddable:1.8.10=kotlinCompilerClasspath,kotlinKlibCommonizerClasspath
org.jetbrains.kotlin:kotlin-daemon-embeddable:1.8.10=kotlinCompilerClasspath,kotlinKlibCommonizerClasspath
org.jetbrains.kotlin:kotlin-klib-commonizer-embeddable:1.6.20=kotlinKlibCommonizerClasspathCopy
org.jetbrains.kotlin:kotlin-klib-commonizer-embeddable:1.8.10=kotlinKlibCommonizerClasspath
org.jetbrains.kotlin:kotlin-reflect:1.6.10=kotlinCompilerClasspath,kotlinKlibCommonizerClasspath
org.jetbrains.kotlin:kotlin-script-runtime:1.8.10=kotlinCompilerClasspath,kotlinCompilerPluginClasspathJvmMain,kotlinCompilerPluginClasspathJvmTest,kotlinCompilerPluginClasspathMetadataCommonMain,kotlinCompilerPluginClasspathMetadataMain,kotlinKlibCommonizerClasspath
org.jetbrains.kotlin:kotlin-scripting-common:1.8.10=kotlinCompilerPluginClasspathJvmMain,kotlinCompilerPluginClasspathJvmTest,kotlinCompilerPluginClasspathMetadataCommonMain,kotlinCompilerPluginClasspathMetadataMain
org.jetbrains.kotlin:kotlin-scripting-compiler-embeddable:1.6.20=kotlinCompilerPluginClasspathJvmMainCopy,kotlinCompilerPluginClasspathJvmTestCopy,kotlinCompilerPluginClasspathMetadataCommonMainCopy,kotlinCompilerPluginClasspathMetadataMainCopy
org.jetbrains.kotlin:kotlin-scripting-compiler-embeddable:1.6.21=kotlinCompilerPluginClasspathJvmMainCopy2,kotlinCompilerPluginClasspathJvmTestCopy2,kotlinCompilerPluginClasspathMetadataCommonMainCopy2,kotlinCompilerPluginClasspathMetadataMainCopy2
org.jetbrains.kotlin:kotlin-scripting-compiler-embeddable:1.8.10=kotlinCompilerPluginClasspathJvmMain,kotlinCompilerPluginClasspathJvmTest,kotlinCompilerPluginClasspathMetadataCommonMain,kotlinCompilerPluginClasspathMetadataMain
org.jetbrains.kotlin:kotlin-scripting-compiler-impl-embeddable:1.8.10=kotlinCompilerPluginClasspathJvmMain,kotlinCompilerPluginClasspathJvmTest,kotlinCompilerPluginClasspathMetadataCommonMain,kotlinCompilerPluginClasspathMetadataMain
org.jetbrains.kotlin:kotlin-scripting-jvm:1.8.10=kotlinCompilerPluginClasspathJvmMain,kotlinCompilerPluginClasspathJvmTest,kotlinCompilerPluginClasspathMetadataCommonMain,kotlinCompilerPluginClasspathMetadataMain
org.jetbrains.kotlin:kotlin-stdlib-common:1.8.10=allSourceSetsCompileDependenciesMetadata,allSourceSetsRuntimeDependenciesMetadata,commonMainApiDependenciesMetadata,commonTestApiDependenciesMetadata,commonTestImplementationDependenciesMetadata,kotlinCompilerClasspath,kotlinCompilerPluginClasspathJvmMain,kotlinCompilerPluginClasspathJvmTest,kotlinCompilerPluginClasspathMetadataCommonMain,kotlinCompilerPluginClasspathMetadataMain,kotlinKlibCommonizerClasspath,metadataCommonMainCompileClasspath,metadataCompileClasspath
org.jetbrains.kotlin:kotlin-stdlib-jdk7:1.8.10=jvmCompileClasspath,jvmMainApiDependenciesMetadata,jvmRuntimeClasspath,jvmTestCompileClasspath,jvmTestImplementationDependenciesMetadata,jvmTestRuntimeClasspath
org.jetbrains.kotlin:kotlin-stdlib-jdk8:1.6.20=commonMainApiCopy,commonMainApiCopy2,commonMainCompileOnlyDependenciesMetadataCopy,commonMainImplementationDependenciesMetadataCopy,commonMainRuntimeOnlyDependenciesMetadataCopy,commonTestApiCopy,commonTestApiDependenciesMetadataCopy,commonTestCompileOnlyDependenciesMetadataCopy,commonTestImplementationDependenciesMetadataCopy,commonTestRuntimeOnlyDependenciesMetadataCopy,compileClasspathCopy,jvmApiCopy,jvmApiElementsCopy,jvmCompileClasspathCopy,jvmImplementationCopy,jvmMainApiDependenciesMetadataCopy,jvmMainCompileOnlyDependenciesMetadataCopy,jvmMainImplementationDependenciesMetadataCopy,jvmMainRuntimeOnlyDependenciesMetadataCopy,jvmRuntimeClasspathCopy,jvmRuntimeElementsCopy,jvmTestApiCopy,jvmTestApiDependenciesMetadataCopy,jvmTestCompileClasspathCopy,jvmTestCompileOnlyDependenciesMetadataCopy,jvmTestImplementationCopy,jvmTestImplementationCopy2,jvmTestImplementationDependenciesMetadataCopy,jvmTestRuntimeClasspathCopy,jvmTestRuntimeOnlyDependenciesMetadataCopy,metadataApiCopy,metadataApiElementsCopy,metadataCommonMainApiCopy,metadataCommonMainCompileClasspathCopy,metadataCommonMainImplementationCopy,metadataCompileClasspathCopy,metadataImplementationCopy
org.jetbrains.kotlin:kotlin-stdlib-jdk8:1.6.21=jvmTestCompileClasspathCopy2,jvmTestRuntimeClasspathCopy2
org.jetbrains.kotlin:kotlin-stdlib-jdk8:1.8.10=jvmCompileClasspath,jvmMainApiDependenciesMetadata,jvmRuntimeClasspath,jvmTestCompileClasspath,jvmTestImplementationDependenciesMetadata,jvmTestRuntimeClasspath
org.jetbrains.kotlin:kotlin-stdlib:1.8.10=jvmCompileClasspath,jvmMainApiDependenciesMetadata,jvmRuntimeClasspath,jvmTestCompileClasspath,jvmTestImplementationDependenciesMetadata,jvmTestRuntimeClasspath,kotlinCompilerClasspath,kotlinCompilerPluginClasspathJvmMain,kotlinCompilerPluginClasspathJvmTest,kotlinCompilerPluginClasspathMetadataCommonMain,kotlinCompilerPluginClasspathMetadataMain,kotlinKlibCommonizerClasspath
org.jetbrains.kotlin:kotlin-test-annotations-common:1.8.10=commonTestImplementationDependenciesMetadata
org.jetbrains.kotlin:kotlin-test-common:1.8.10=commonTestImplementationDependenciesMetadata
org.jetbrains.kotlin:kotlin-test-junit:1.8.10=jvmTestCompileClasspath,jvmTestRuntimeClasspath
org.jetbrains.kotlin:kotlin-test:1.6.20=commonTestImplementationCopy,commonTestImplementationDependenciesMetadataCopy,jvmTestCompileClasspathCopy,jvmTestCompileClasspathCopy2,jvmTestImplementationCopy,jvmTestImplementationDependenciesMetadataCopy,jvmTestRuntimeClasspathCopy,jvmTestRuntimeClasspathCopy2
org.jetbrains.kotlin:kotlin-test:1.6.21=commonTestImplementationCopy2,jvmTestImplementationCopy2
org.jetbrains.kotlin:kotlin-test:1.8.10=commonTestImplementationDependenciesMetadata,jvmTestCompileClasspath,jvmTestImplementationDependenciesMetadata,jvmTestRuntimeClasspath
org.jetbrains.kotlinx:atomicfu:0.17.3=allSourceSetsCompileDependenciesMetadata,allSourceSetsRuntimeDependenciesMetadata,metadataCommonMainCompileClasspath,metadataCompileClasspath
org.jetbrains.kotlinx:kotlinx-coroutines-bom:1.6.4=jvmCompileClasspath,jvmRuntimeClasspath,jvmTestCompileClasspath,jvmTestRuntimeClasspath
org.jetbrains.kotlinx:kotlinx-coroutines-core-jvm:1.6.1=commonMainApiCopy,jvmTestCompileClasspathCopy,jvmTestImplementationCopy,jvmTestRuntimeClasspathCopy
org.jetbrains.kotlinx:kotlinx-coroutines-core-jvm:1.6.2=commonMainApiCopy2,jvmTestCompileClasspathCopy2,jvmTestRuntimeClasspathCopy2
org.jetbrains.kotlinx:kotlinx-coroutines-core-jvm:1.6.4=jvmCompileClasspath,jvmRuntimeClasspath,jvmTestCompileClasspath,jvmTestRuntimeClasspath
org.jetbrains.kotlinx:kotlinx-coroutines-core:1.6.1=commonMainApiCopy,jvmTestCompileClasspathCopy,jvmTestImplementationCopy,jvmTestRuntimeClasspathCopy
org.jetbrains.kotlinx:kotlinx-coroutines-core:1.6.2=commonMainApiCopy2,jvmTestCompileClasspathCopy2,jvmTestRuntimeClasspathCopy2
org.jetbrains.kotlinx:kotlinx-coroutines-core:1.6.4=allSourceSetsCompileDependenciesMetadata,allSourceSetsRuntimeDependenciesMetadata,commonMainApiDependenciesMetadata,commonTestApiDependenciesMetadata,commonTestImplementationDependenciesMetadata,jvmCompileClasspath,jvmRuntimeClasspath,jvmTestCompileClasspath,jvmTestRuntimeClasspath,metadataCommonMainCompileClasspath,metadataCompileClasspath
org.jetbrains.kotlinx:kotlinx-coroutines-test-jvm:1.6.1=commonTestImplementationCopy,jvmTestCompileClasspathCopy,jvmTestImplementationCopy,jvmTestRuntimeClasspathCopy
org.jetbrains.kotlinx:kotlinx-coroutines-test-jvm:1.6.2=commonTestImplementationCopy2
org.jetbrains.kotlinx:kotlinx-coroutines-test-jvm:1.6.4=jvmTestCompileClasspath,jvmTestRuntimeClasspath
org.jetbrains.kotlinx:kotlinx-coroutines-test:1.6.1=commonTestImplementationCopy,jvmTestCompileClasspathCopy,jvmTestImplementationCopy,jvmTestRuntimeClasspathCopy
org.jetbrains.kotlinx:kotlinx-coroutines-test:1.6.2=commonTestImplementationCopy2
org.jetbrains.kotlinx:kotlinx-coroutines-test:1.6.4=commonTestImplementationDependenciesMetadata,jvmTestCompileClasspath,jvmTestRuntimeClasspath
org.jetbrains:annotations:13.0=jvmCompileClasspath,jvmMainApiDependenciesMetadata,jvmRuntimeClasspath,jvmTestCompileClasspath,jvmTestImplementationDependenciesMetadata,jvmTestRuntimeClasspath,kotlinCompilerClasspath,kotlinCompilerPluginClasspathJvmMain,kotlinCompilerPluginClasspathJvmTest,kotlinCompilerPluginClasspathMetadataCommonMain,kotlinCompilerPluginClasspathMetadataMain,kotlinKlibCommonizerClasspath
empty=allSourceSetsCompileDependenciesMetadataCopy,allSourceSetsRuntimeDependenciesMetadataCopy,archives,archivesCopy,commonMainApiDependenciesMetadataCopy,commonMainCompileOnlyCopy,commonMainCompileOnlyDependenciesMetadata,commonMainImplementationCopy,commonMainImplementationDependenciesMetadata,commonMainIntransitiveDependenciesMetadata,commonMainIntransitiveDependenciesMetadataCopy,commonMainRuntimeOnlyCopy,commonMainRuntimeOnlyDependenciesMetadata,commonTestCompileOnlyCopy,commonTestCompileOnlyDependenciesMetadata,commonTestIntransitiveDependenciesMetadata,commonTestIntransitiveDependenciesMetadataCopy,commonTestRuntimeOnlyCopy,commonTestRuntimeOnlyDependenciesMetadata,default,defaultCopy,jvmCompileOnlyCopy,jvmMainApiCopy,jvmMainCompileOnlyCopy,jvmMainCompileOnlyDependenciesMetadata,jvmMainImplementationCopy,jvmMainImplementationDependenciesMetadata,jvmMainIntransitiveDependenciesMetadata,jvmMainIntransitiveDependenciesMetadataCopy,jvmMainRuntimeOnlyCopy,jvmMainRuntimeOnlyDependenciesMetadata,jvmRuntimeOnlyCopy,jvmSourceArtifactsCopy,jvmTestApiDependenciesMetadata,jvmTestCompileOnlyCopy,jvmTestCompileOnlyDependenciesMetadata,jvmTestIntransitiveDependenciesMetadata,jvmTestIntransitiveDependenciesMetadataCopy,jvmTestRuntimeOnlyCopy,jvmTestRuntimeOnlyDependenciesMetadata,kotlinCompilerPluginClasspath,kotlinCompilerPluginClasspathCopy,kotlinNativeCompilerPluginClasspath,kotlinNativeCompilerPluginClasspathCopy,kotlinScriptDef,kotlinScriptDefCopy,kotlinScriptDefExtensions,kotlinScriptDefExtensionsCopy,metadataCommonMainCompileOnlyCopy,metadataCompileOnlyCopy,testKotlinScriptDef,testKotlinScriptDefCopy,testKotlinScriptDefExtensions,testKotlinScriptDefExtensionsCopy
