# This is a Gradle generated file for dependency locking.
# Manual edits can break the build and are not advised.
# This file is expected to be part of source control.
junit:junit:4.12=jvmTestCompileClasspath,jvmTestRuntimeClasspath
net.java.dev.jna:jna:5.6.0=kotlinCompilerClasspath,kotlinKlibCommonizerClasspath
org.hamcrest:hamcrest-core:1.3=jvmTestCompileClasspath,jvmTestRuntimeClasspath
org.jetbrains.intellij.deps:trove4j:1.0.20181211=kotlinCompilerClasspath,kotlinKlibCommonizerClasspath
org.jetbrains.kotlin:kotlin-compiler-embeddable:1.6.10=kotlinCompilerClasspath,kotlinKlibCommonizerClasspath
org.jetbrains.kotlin:kotlin-daemon-embeddable:1.6.10=kotlinCompilerClasspath,kotlinKlibCommonizerClasspath
org.jetbrains.kotlin:kotlin-klib-commonizer-embeddable:1.6.10=kotlinKlibCommonizerClasspath
org.jetbrains.kotlin:kotlin-reflect:1.6.10=kotlinCompilerClasspath,kotlinKlibCommonizerClasspath
org.jetbrains.kotlin:kotlin-script-runtime:1.6.10=kotlinCompilerClasspath,kotlinCompilerPluginClasspathJvmMain,kotlinCompilerPluginClasspathJvmTest,kotlinCompilerPluginClasspathMetadataMain,kotlinKlibCommonizerClasspath
org.jetbrains.kotlin:kotlin-scripting-common:1.6.10=kotlinCompilerPluginClasspathJvmMain,kotlinCompilerPluginClasspathJvmTest,kotlinCompilerPluginClasspathMetadataMain
org.jetbrains.kotlin:kotlin-scripting-compiler-embeddable:1.6.10=kotlinCompilerPluginClasspathJvmMain,kotlinCompilerPluginClasspathJvmTest,kotlinCompilerPluginClasspathMetadataMain
org.jetbrains.kotlin:kotlin-scripting-compiler-impl-embeddable:1.6.10=kotlinCompilerPluginClasspathJvmMain,kotlinCompilerPluginClasspathJvmTest,kotlinCompilerPluginClasspathMetadataMain
org.jetbrains.kotlin:kotlin-scripting-jvm:1.6.10=kotlinCompilerPluginClasspathJvmMain,kotlinCompilerPluginClasspathJvmTest,kotlinCompilerPluginClasspathMetadataMain
org.jetbrains.kotlin:kotlin-stdlib-common:1.6.10=commonMainApiDependenciesMetadata,commonTestApiDependenciesMetadata,commonTestImplementationDependenciesMetadata,kotlinCompilerClasspath,kotlinCompilerPluginClasspathJvmMain,kotlinCompilerPluginClasspathJvmTest,kotlinCompilerPluginClasspathMetadataMain,kotlinKlibCommonizerClasspath,metadataCompileClasspath
org.jetbrains.kotlin:kotlin-stdlib-jdk7:1.6.10=commonMainApiDependenciesMetadata,commonTestApiDependenciesMetadata,jvmCompileClasspath,jvmRuntimeClasspath,jvmTestApiDependenciesMetadata,jvmTestCompileClasspath,jvmTestImplementationDependenciesMetadata,jvmTestRuntimeClasspath,metadataCompileClasspath
org.jetbrains.kotlin:kotlin-stdlib-jdk8:1.6.10=commonMainApiDependenciesMetadata,commonTestApiDependenciesMetadata,jvmCompileClasspath,jvmRuntimeClasspath,jvmTestApiDependenciesMetadata,jvmTestCompileClasspath,jvmTestImplementationDependenciesMetadata,jvmTestRuntimeClasspath,metadataCompileClasspath
org.jetbrains.kotlin:kotlin-stdlib:1.6.10=commonMainApiDependenciesMetadata,commonTestApiDependenciesMetadata,jvmCompileClasspath,jvmRuntimeClasspath,jvmTestApiDependenciesMetadata,jvmTestCompileClasspath,jvmTestImplementationDependenciesMetadata,jvmTestRuntimeClasspath,kotlinCompilerClasspath,kotlinCompilerPluginClasspathJvmMain,kotlinCompilerPluginClasspathJvmTest,kotlinCompilerPluginClasspathMetadataMain,kotlinKlibCommonizerClasspath,metadataCompileClasspath
org.jetbrains.kotlin:kotlin-test-annotations-common:1.6.10=commonTestImplementationDependenciesMetadata,jvmTestImplementationDependenciesMetadata
org.jetbrains.kotlin:kotlin-test-common:1.6.10=commonTestImplementationDependenciesMetadata,jvmTestImplementationDependenciesMetadata
org.jetbrains.kotlin:kotlin-test-junit:1.6.10=jvmTestCompileClasspath,jvmTestRuntimeClasspath
org.jetbrains.kotlin:kotlin-test:1.6.10=commonTestImplementationDependenciesMetadata,jvmTestCompileClasspath,jvmTestImplementationDependenciesMetadata,jvmTestRuntimeClasspath
org.jetbrains.kotlinx:kotlinx-coroutines-bom:1.6.0=jvmCompileClasspath,jvmRuntimeClasspath,jvmTestCompileClasspath,jvmTestRuntimeClasspath
org.jetbrains.kotlinx:kotlinx-coroutines-core-jvm:1.6.0=jvmCompileClasspath,jvmRuntimeClasspath,jvmTestCompileClasspath,jvmTestRuntimeClasspath
org.jetbrains.kotlinx:kotlinx-coroutines-core:1.6.0=commonMainApiDependenciesMetadata,commonTestImplementationDependenciesMetadata,jvmCompileClasspath,jvmRuntimeClasspath,jvmTestCompileClasspath,jvmTestImplementationDependenciesMetadata,jvmTestRuntimeClasspath,metadataCompileClasspath
org.jetbrains.kotlinx:kotlinx-coroutines-test-jvm:1.6.0=jvmTestCompileClasspath,jvmTestRuntimeClasspath
org.jetbrains.kotlinx:kotlinx-coroutines-test:1.6.0=commonTestImplementationDependenciesMetadata,jvmTestCompileClasspath,jvmTestImplementationDependenciesMetadata,jvmTestRuntimeClasspath
org.jetbrains:annotations:13.0=commonMainApiDependenciesMetadata,commonTestApiDependenciesMetadata,jvmCompileClasspath,jvmRuntimeClasspath,jvmTestApiDependenciesMetadata,jvmTestCompileClasspath,jvmTestImplementationDependenciesMetadata,jvmTestRuntimeClasspath,kotlinCompilerClasspath,kotlinCompilerPluginClasspathJvmMain,kotlinCompilerPluginClasspathJvmTest,kotlinCompilerPluginClasspathMetadataMain,kotlinKlibCommonizerClasspath,metadataCompileClasspath
empty=archives,commonMainCompileOnlyDependenciesMetadata,commonMainImplementationDependenciesMetadata,commonMainIntransitiveDependenciesMetadata,commonMainRuntimeOnlyDependenciesMetadata,commonTestCompileOnlyDependenciesMetadata,commonTestIntransitiveDependenciesMetadata,commonTestRuntimeOnlyDependenciesMetadata,default,jvmMainApiDependenciesMetadata,jvmMainCompileOnlyDependenciesMetadata,jvmMainImplementationDependenciesMetadata,jvmMainIntransitiveDependenciesMetadata,jvmMainRuntimeOnlyDependenciesMetadata,jvmTestCompileOnlyDependenciesMetadata,jvmTestIntransitiveDependenciesMetadata,jvmTestRuntimeOnlyDependenciesMetadata,kotlinCompilerPluginClasspath,kotlinNativeCompilerPluginClasspath,kotlinScriptDef,kotlinScriptDefExtensions,testKotlinScriptDef,testKotlinScriptDefExtensions
